// !$*UTF8*$!
{
	archiveVersion = 1;
	classes = {
	};
	objectVersion = 50;
	objects = {

/* Begin PBXBuildFile section */
		3D48C2B22477344900A568FE /* ProfileDataSource.swift in Sources */ = {isa = PBXBuildFile; fileRef = 3D48C2B12477344900A568FE /* ProfileDataSource.swift */; };
		3D826EA82478623900CDA615 /* AppConstants.swift in Sources */ = {isa = PBXBuildFile; fileRef = 3D826EA72478623900CDA615 /* AppConstants.swift */; };
		3D826EAA247863E500CDA615 /* LoginCheckViewController.swift in Sources */ = {isa = PBXBuildFile; fileRef = 3D826EA9247863E500CDA615 /* LoginCheckViewController.swift */; };
		3D826EAC247870E600CDA615 /* UserAuthentication.swift in Sources */ = {isa = PBXBuildFile; fileRef = 3D826EAB247870E600CDA615 /* UserAuthentication.swift */; };
		3D826EAE2478712E00CDA615 /* AlertManager.swift in Sources */ = {isa = PBXBuildFile; fileRef = 3D826EAD2478712E00CDA615 /* AlertManager.swift */; };
		3D9CB2162475A92D00CEECF2 /* AppDelegate.swift in Sources */ = {isa = PBXBuildFile; fileRef = 3D9CB2152475A92D00CEECF2 /* AppDelegate.swift */; };
		3D9CB2182475A92D00CEECF2 /* SceneDelegate.swift in Sources */ = {isa = PBXBuildFile; fileRef = 3D9CB2172475A92D00CEECF2 /* SceneDelegate.swift */; };
		3D9CB21D2475A92D00CEECF2 /* Main.storyboard in Resources */ = {isa = PBXBuildFile; fileRef = 3D9CB21B2475A92D00CEECF2 /* Main.storyboard */; };
		3D9CB21F2475A92E00CEECF2 /* Assets.xcassets in Resources */ = {isa = PBXBuildFile; fileRef = 3D9CB21E2475A92E00CEECF2 /* Assets.xcassets */; };
		3D9CB2222475A92E00CEECF2 /* LaunchScreen.storyboard in Resources */ = {isa = PBXBuildFile; fileRef = 3D9CB2202475A92E00CEECF2 /* LaunchScreen.storyboard */; };
		3D9CB22E2475AD7600CEECF2 /* NetworkManager.swift in Sources */ = {isa = PBXBuildFile; fileRef = 3D9CB22D2475AD7600CEECF2 /* NetworkManager.swift */; };
		3D9CB2302475BC2E00CEECF2 /* PhotoDataSource.swift in Sources */ = {isa = PBXBuildFile; fileRef = 3D9CB22F2475BC2E00CEECF2 /* PhotoDataSource.swift */; };
		3D9CB2332475BEA600CEECF2 /* PhotoTableViewController.swift in Sources */ = {isa = PBXBuildFile; fileRef = 3D9CB2322475BEA600CEECF2 /* PhotoTableViewController.swift */; };
		3D9CB2362475BF4100CEECF2 /* PhotoTableViewCell.swift in Sources */ = {isa = PBXBuildFile; fileRef = 3D9CB2352475BF4100CEECF2 /* PhotoTableViewCell.swift */; };
		3DA9B4CB24861E1C00F44454 /* NetworkManagerTests.swift in Sources */ = {isa = PBXBuildFile; fileRef = 3DA9B4CA24861E1C00F44454 /* NetworkManagerTests.swift */; };
		3DBB1D2C2476FD820063A3AB /* ProfileCollectionViewController.swift in Sources */ = {isa = PBXBuildFile; fileRef = 3DBB1D2B2476FD820063A3AB /* ProfileCollectionViewController.swift */; };
		3DBB1D2E2476FEBA0063A3AB /* ProfileCollectionViewCell.swift in Sources */ = {isa = PBXBuildFile; fileRef = 3DBB1D2D2476FEBA0063A3AB /* ProfileCollectionViewCell.swift */; };
/* End PBXBuildFile section */

/* Begin PBXContainerItemProxy section */
		3DA9B4CD24861E1C00F44454 /* PBXContainerItemProxy */ = {
			isa = PBXContainerItemProxy;
			containerPortal = 3D9CB20A2475A92D00CEECF2 /* Project object */;
			proxyType = 1;
			remoteGlobalIDString = 3D9CB2112475A92D00CEECF2;
			remoteInfo = NetworkManager;
		};
/* End PBXContainerItemProxy section */

/* Begin PBXFileReference section */
		3D48C2B12477344900A568FE /* ProfileDataSource.swift */ = {isa = PBXFileReference; lastKnownFileType = sourcecode.swift; path = ProfileDataSource.swift; sourceTree = "<group>"; };
		3D826EA72478623900CDA615 /* AppConstants.swift */ = {isa = PBXFileReference; fileEncoding = 4; lastKnownFileType = sourcecode.swift; path = AppConstants.swift; sourceTree = "<group>"; };
		3D826EA9247863E500CDA615 /* LoginCheckViewController.swift */ = {isa = PBXFileReference; lastKnownFileType = sourcecode.swift; path = LoginCheckViewController.swift; sourceTree = "<group>"; };
		3D826EAB247870E600CDA615 /* UserAuthentication.swift */ = {isa = PBXFileReference; lastKnownFileType = sourcecode.swift; path = UserAuthentication.swift; sourceTree = "<group>"; };
		3D826EAD2478712E00CDA615 /* AlertManager.swift */ = {isa = PBXFileReference; lastKnownFileType = sourcecode.swift; path = AlertManager.swift; sourceTree = "<group>"; };
		3D9CB2122475A92D00CEECF2 /* NetworkManager.app */ = {isa = PBXFileReference; explicitFileType = wrapper.application; includeInIndex = 0; path = NetworkManager.app; sourceTree = BUILT_PRODUCTS_DIR; };
		3D9CB2152475A92D00CEECF2 /* AppDelegate.swift */ = {isa = PBXFileReference; lastKnownFileType = sourcecode.swift; path = AppDelegate.swift; sourceTree = "<group>"; };
		3D9CB2172475A92D00CEECF2 /* SceneDelegate.swift */ = {isa = PBXFileReference; lastKnownFileType = sourcecode.swift; path = SceneDelegate.swift; sourceTree = "<group>"; };
		3D9CB21C2475A92D00CEECF2 /* Base */ = {isa = PBXFileReference; lastKnownFileType = file.storyboard; name = Base; path = Base.lproj/Main.storyboard; sourceTree = "<group>"; };
		3D9CB21E2475A92E00CEECF2 /* Assets.xcassets */ = {isa = PBXFileReference; lastKnownFileType = folder.assetcatalog; path = Assets.xcassets; sourceTree = "<group>"; };
		3D9CB2212475A92E00CEECF2 /* Base */ = {isa = PBXFileReference; lastKnownFileType = file.storyboard; name = Base; path = Base.lproj/LaunchScreen.storyboard; sourceTree = "<group>"; };
		3D9CB2232475A92E00CEECF2 /* Info.plist */ = {isa = PBXFileReference; lastKnownFileType = text.plist.xml; path = Info.plist; sourceTree = "<group>"; };
		3D9CB22D2475AD7600CEECF2 /* NetworkManager.swift */ = {isa = PBXFileReference; lastKnownFileType = sourcecode.swift; path = NetworkManager.swift; sourceTree = "<group>"; };
		3D9CB22F2475BC2E00CEECF2 /* PhotoDataSource.swift */ = {isa = PBXFileReference; lastKnownFileType = sourcecode.swift; path = PhotoDataSource.swift; sourceTree = "<group>"; };
		3D9CB2322475BEA600CEECF2 /* PhotoTableViewController.swift */ = {isa = PBXFileReference; lastKnownFileType = sourcecode.swift; path = PhotoTableViewController.swift; sourceTree = "<group>"; };
		3D9CB2352475BF4100CEECF2 /* PhotoTableViewCell.swift */ = {isa = PBXFileReference; lastKnownFileType = sourcecode.swift; path = PhotoTableViewCell.swift; sourceTree = "<group>"; };
		3DA9B4C824861E1C00F44454 /* NetworkManagerTests.xctest */ = {isa = PBXFileReference; explicitFileType = wrapper.cfbundle; includeInIndex = 0; path = NetworkManagerTests.xctest; sourceTree = BUILT_PRODUCTS_DIR; };
		3DA9B4CA24861E1C00F44454 /* NetworkManagerTests.swift */ = {isa = PBXFileReference; lastKnownFileType = sourcecode.swift; path = NetworkManagerTests.swift; sourceTree = "<group>"; };
		3DA9B4CC24861E1C00F44454 /* Info.plist */ = {isa = PBXFileReference; lastKnownFileType = text.plist.xml; path = Info.plist; sourceTree = "<group>"; };
		3DBB1D2B2476FD820063A3AB /* ProfileCollectionViewController.swift */ = {isa = PBXFileReference; lastKnownFileType = sourcecode.swift; path = ProfileCollectionViewController.swift; sourceTree = "<group>"; };
		3DBB1D2D2476FEBA0063A3AB /* ProfileCollectionViewCell.swift */ = {isa = PBXFileReference; lastKnownFileType = sourcecode.swift; path = ProfileCollectionViewCell.swift; sourceTree = "<group>"; };
/* End PBXFileReference section */

/* Begin PBXFrameworksBuildPhase section */
		3D9CB20F2475A92D00CEECF2 /* Frameworks */ = {
			isa = PBXFrameworksBuildPhase;
			buildActionMask = 2147483647;
			files = (
			);
			runOnlyForDeploymentPostprocessing = 0;
		};
		3DA9B4C524861E1C00F44454 /* Frameworks */ = {
			isa = PBXFrameworksBuildPhase;
			buildActionMask = 2147483647;
			files = (
			);
			runOnlyForDeploymentPostprocessing = 0;
		};
/* End PBXFrameworksBuildPhase section */

/* Begin PBXGroup section */
		3D826EAF247884F400CDA615 /* Server */ = {
			isa = PBXGroup;
			children = (
				3D9CB22D2475AD7600CEECF2 /* NetworkManager.swift */,
			);
			path = Server;
			sourceTree = "<group>";
		};
		3D826EB02478853000CDA615 /* Utilities */ = {
			isa = PBXGroup;
			children = (
				3D826EAB247870E600CDA615 /* UserAuthentication.swift */,
				3D826EAD2478712E00CDA615 /* AlertManager.swift */,
				3D826EA72478623900CDA615 /* AppConstants.swift */,
			);
			path = Utilities;
			sourceTree = "<group>";
		};
		3D9CB2092475A92D00CEECF2 = {
			isa = PBXGroup;
			children = (
				3D9CB2142475A92D00CEECF2 /* NetworkManager */,
				3DA9B4C924861E1C00F44454 /* NetworkManagerTests */,
				3D9CB2132475A92D00CEECF2 /* Products */,
			);
			sourceTree = "<group>";
		};
		3D9CB2132475A92D00CEECF2 /* Products */ = {
			isa = PBXGroup;
			children = (
				3D9CB2122475A92D00CEECF2 /* NetworkManager.app */,
				3DA9B4C824861E1C00F44454 /* NetworkManagerTests.xctest */,
			);
			name = Products;
			sourceTree = "<group>";
		};
		3D9CB2142475A92D00CEECF2 /* NetworkManager */ = {
			isa = PBXGroup;
			children = (
				3D9CB2312475BC3400CEECF2 /* Model */,
				3D9CB22B2475A98100CEECF2 /* View */,
				3D9CB22A2475A97200CEECF2 /* Controller */,
				3D826EAF247884F400CDA615 /* Server */,
				3DBB1D2A2476F4780063A3AB /* Common */,
				3D9CB22C2475A99500CEECF2 /* SupportFiles */,
			);
			path = NetworkManager;
			sourceTree = "<group>";
		};
		3D9CB22A2475A97200CEECF2 /* Controller */ = {
			isa = PBXGroup;
			children = (
				3D9CB2322475BEA600CEECF2 /* PhotoTableViewController.swift */,
				3DBB1D2B2476FD820063A3AB /* ProfileCollectionViewController.swift */,
				3D826EA9247863E500CDA615 /* LoginCheckViewController.swift */,
			);
			path = Controller;
			sourceTree = "<group>";
		};
		3D9CB22B2475A98100CEECF2 /* View */ = {
			isa = PBXGroup;
			children = (
				3D9CB2342475BF2100CEECF2 /* Customize Cell */,
				3D9CB21B2475A92D00CEECF2 /* Main.storyboard */,
				3D9CB2202475A92E00CEECF2 /* LaunchScreen.storyboard */,
			);
			path = View;
			sourceTree = "<group>";
		};
		3D9CB22C2475A99500CEECF2 /* SupportFiles */ = {
			isa = PBXGroup;
			children = (
				3D9CB2232475A92E00CEECF2 /* Info.plist */,
				3D9CB21E2475A92E00CEECF2 /* Assets.xcassets */,
			);
			name = SupportFiles;
			sourceTree = "<group>";
		};
		3D9CB2312475BC3400CEECF2 /* Model */ = {
			isa = PBXGroup;
			children = (
				3D9CB22F2475BC2E00CEECF2 /* PhotoDataSource.swift */,
				3D48C2B12477344900A568FE /* ProfileDataSource.swift */,
			);
			path = Model;
			sourceTree = "<group>";
		};
		3D9CB2342475BF2100CEECF2 /* Customize Cell */ = {
			isa = PBXGroup;
			children = (
				3D9CB2352475BF4100CEECF2 /* PhotoTableViewCell.swift */,
				3DBB1D2D2476FEBA0063A3AB /* ProfileCollectionViewCell.swift */,
			);
			path = "Customize Cell";
			sourceTree = "<group>";
		};
		3DA9B4C924861E1C00F44454 /* NetworkManagerTests */ = {
			isa = PBXGroup;
			children = (
				3DA9B4CA24861E1C00F44454 /* NetworkManagerTests.swift */,
				3DA9B4CC24861E1C00F44454 /* Info.plist */,
			);
			path = NetworkManagerTests;
			sourceTree = "<group>";
		};
		3DBB1D2A2476F4780063A3AB /* Common */ = {
			isa = PBXGroup;
			children = (
				3D9CB2152475A92D00CEECF2 /* AppDelegate.swift */,
				3D9CB2172475A92D00CEECF2 /* SceneDelegate.swift */,
				3D826EB02478853000CDA615 /* Utilities */,
			);
			name = Common;
			path = Controller;
			sourceTree = "<group>";
		};
/* End PBXGroup section */

/* Begin PBXNativeTarget section */
		3D9CB2112475A92D00CEECF2 /* NetworkManager */ = {
			isa = PBXNativeTarget;
			buildConfigurationList = 3D9CB2262475A92E00CEECF2 /* Build configuration list for PBXNativeTarget "NetworkManager" */;
			buildPhases = (
				3D9CB20E2475A92D00CEECF2 /* Sources */,
				3D9CB20F2475A92D00CEECF2 /* Frameworks */,
				3D9CB2102475A92D00CEECF2 /* Resources */,
			);
			buildRules = (
			);
			dependencies = (
			);
			name = NetworkManager;
			productName = NetworkManager;
			productReference = 3D9CB2122475A92D00CEECF2 /* NetworkManager.app */;
			productType = "com.apple.product-type.application";
		};
		3DA9B4C724861E1C00F44454 /* NetworkManagerTests */ = {
			isa = PBXNativeTarget;
			buildConfigurationList = 3DA9B4D124861E1C00F44454 /* Build configuration list for PBXNativeTarget "NetworkManagerTests" */;
			buildPhases = (
				3DA9B4C424861E1C00F44454 /* Sources */,
				3DA9B4C524861E1C00F44454 /* Frameworks */,
				3DA9B4C624861E1C00F44454 /* Resources */,
			);
			buildRules = (
			);
			dependencies = (
				3DA9B4CE24861E1C00F44454 /* PBXTargetDependency */,
			);
			name = NetworkManagerTests;
			productName = NetworkManagerTests;
			productReference = 3DA9B4C824861E1C00F44454 /* NetworkManagerTests.xctest */;
			productType = "com.apple.product-type.bundle.unit-test";
		};
/* End PBXNativeTarget section */

/* Begin PBXProject section */
		3D9CB20A2475A92D00CEECF2 /* Project object */ = {
			isa = PBXProject;
			attributes = {
				LastSwiftUpdateCheck = 1150;
				LastUpgradeCheck = 1140;
				ORGANIZATIONNAME = ShawnLi;
				TargetAttributes = {
					3D9CB2112475A92D00CEECF2 = {
						CreatedOnToolsVersion = 11.4.1;
					};
					3DA9B4C724861E1C00F44454 = {
						CreatedOnToolsVersion = 11.5;
						TestTargetID = 3D9CB2112475A92D00CEECF2;
					};
				};
			};
			buildConfigurationList = 3D9CB20D2475A92D00CEECF2 /* Build configuration list for PBXProject "NetworkManager" */;
			compatibilityVersion = "Xcode 9.3";
			developmentRegion = en;
			hasScannedForEncodings = 0;
			knownRegions = (
				en,
				Base,
			);
			mainGroup = 3D9CB2092475A92D00CEECF2;
			productRefGroup = 3D9CB2132475A92D00CEECF2 /* Products */;
			projectDirPath = "";
			projectRoot = "";
			targets = (
				3D9CB2112475A92D00CEECF2 /* NetworkManager */,
				3DA9B4C724861E1C00F44454 /* NetworkManagerTests */,
			);
		};
/* End PBXProject section */

/* Begin PBXResourcesBuildPhase section */
		3D9CB2102475A92D00CEECF2 /* Resources */ = {
			isa = PBXResourcesBuildPhase;
			buildActionMask = 2147483647;
			files = (
				3D9CB2222475A92E00CEECF2 /* LaunchScreen.storyboard in Resources */,
				3D9CB21F2475A92E00CEECF2 /* Assets.xcassets in Resources */,
				3D9CB21D2475A92D00CEECF2 /* Main.storyboard in Resources */,
			);
			runOnlyForDeploymentPostprocessing = 0;
		};
		3DA9B4C624861E1C00F44454 /* Resources */ = {
			isa = PBXResourcesBuildPhase;
			buildActionMask = 2147483647;
			files = (
			);
			runOnlyForDeploymentPostprocessing = 0;
		};
/* End PBXResourcesBuildPhase section */

/* Begin PBXSourcesBuildPhase section */
		3D9CB20E2475A92D00CEECF2 /* Sources */ = {
			isa = PBXSourcesBuildPhase;
			buildActionMask = 2147483647;
			files = (
				3D9CB22E2475AD7600CEECF2 /* NetworkManager.swift in Sources */,
				3DBB1D2E2476FEBA0063A3AB /* ProfileCollectionViewCell.swift in Sources */,
				3D9CB2162475A92D00CEECF2 /* AppDelegate.swift in Sources */,
				3DBB1D2C2476FD820063A3AB /* ProfileCollectionViewController.swift in Sources */,
				3D9CB2362475BF4100CEECF2 /* PhotoTableViewCell.swift in Sources */,
				3D9CB2332475BEA600CEECF2 /* PhotoTableViewController.swift in Sources */,
				3D826EAC247870E600CDA615 /* UserAuthentication.swift in Sources */,
				3D9CB2182475A92D00CEECF2 /* SceneDelegate.swift in Sources */,
				3D826EAA247863E500CDA615 /* LoginCheckViewController.swift in Sources */,
				3D48C2B22477344900A568FE /* ProfileDataSource.swift in Sources */,
				3D826EAE2478712E00CDA615 /* AlertManager.swift in Sources */,
				3D9CB2302475BC2E00CEECF2 /* PhotoDataSource.swift in Sources */,
				3D826EA82478623900CDA615 /* AppConstants.swift in Sources */,
			);
			runOnlyForDeploymentPostprocessing = 0;
		};
		3DA9B4C424861E1C00F44454 /* Sources */ = {
			isa = PBXSourcesBuildPhase;
			buildActionMask = 2147483647;
			files = (
				3DA9B4CB24861E1C00F44454 /* NetworkManagerTests.swift in Sources */,
			);
			runOnlyForDeploymentPostprocessing = 0;
		};
/* End PBXSourcesBuildPhase section */

/* Begin PBXTargetDependency section */
		3DA9B4CE24861E1C00F44454 /* PBXTargetDependency */ = {
			isa = PBXTargetDependency;
			target = 3D9CB2112475A92D00CEECF2 /* NetworkManager */;
			targetProxy = 3DA9B4CD24861E1C00F44454 /* PBXContainerItemProxy */;
		};
/* End PBXTargetDependency section */

/* Begin PBXVariantGroup section */
		3D9CB21B2475A92D00CEECF2 /* Main.storyboard */ = {
			isa = PBXVariantGroup;
			children = (
				3D9CB21C2475A92D00CEECF2 /* Base */,
			);
			name = Main.storyboard;
			sourceTree = "<group>";
		};
		3D9CB2202475A92E00CEECF2 /* LaunchScreen.storyboard */ = {
			isa = PBXVariantGroup;
			children = (
				3D9CB2212475A92E00CEECF2 /* Base */,
			);
			name = LaunchScreen.storyboard;
			sourceTree = "<group>";
		};
/* End PBXVariantGroup section */

/* Begin XCBuildConfiguration section */
		3D9CB2242475A92E00CEECF2 /* Debug */ = {
			isa = XCBuildConfiguration;
			buildSettings = {
				ALWAYS_SEARCH_USER_PATHS = NO;
				CLANG_ANALYZER_NONNULL = YES;
				CLANG_ANALYZER_NUMBER_OBJECT_CONVERSION = YES_AGGRESSIVE;
				CLANG_CXX_LANGUAGE_STANDARD = "gnu++14";
				CLANG_CXX_LIBRARY = "libc++";
				CLANG_ENABLE_MODULES = YES;
				CLANG_ENABLE_OBJC_ARC = YES;
				CLANG_ENABLE_OBJC_WEAK = YES;
				CLANG_WARN_BLOCK_CAPTURE_AUTORELEASING = YES;
				CLANG_WARN_BOOL_CONVERSION = YES;
				CLANG_WARN_COMMA = YES;
				CLANG_WARN_CONSTANT_CONVERSION = YES;
				CLANG_WARN_DEPRECATED_OBJC_IMPLEMENTATIONS = YES;
				CLANG_WARN_DIRECT_OBJC_ISA_USAGE = YES_ERROR;
				CLANG_WARN_DOCUMENTATION_COMMENTS = YES;
				CLANG_WARN_EMPTY_BODY = YES;
				CLANG_WARN_ENUM_CONVERSION = YES;
				CLANG_WARN_INFINITE_RECURSION = YES;
				CLANG_WARN_INT_CONVERSION = YES;
				CLANG_WARN_NON_LITERAL_NULL_CONVERSION = YES;
				CLANG_WARN_OBJC_IMPLICIT_RETAIN_SELF = YES;
				CLANG_WARN_OBJC_LITERAL_CONVERSION = YES;
				CLANG_WARN_OBJC_ROOT_CLASS = YES_ERROR;
				CLANG_WARN_RANGE_LOOP_ANALYSIS = YES;
				CLANG_WARN_STRICT_PROTOTYPES = YES;
				CLANG_WARN_SUSPICIOUS_MOVE = YES;
				CLANG_WARN_UNGUARDED_AVAILABILITY = YES_AGGRESSIVE;
				CLANG_WARN_UNREACHABLE_CODE = YES;
				CLANG_WARN__DUPLICATE_METHOD_MATCH = YES;
				COPY_PHASE_STRIP = NO;
				DEBUG_INFORMATION_FORMAT = dwarf;
				ENABLE_STRICT_OBJC_MSGSEND = YES;
				ENABLE_TESTABILITY = YES;
				GCC_C_LANGUAGE_STANDARD = gnu11;
				GCC_DYNAMIC_NO_PIC = NO;
				GCC_NO_COMMON_BLOCKS = YES;
				GCC_OPTIMIZATION_LEVEL = 0;
				GCC_PREPROCESSOR_DEFINITIONS = (
					"DEBUG=1",
					"$(inherited)",
				);
				GCC_WARN_64_TO_32_BIT_CONVERSION = YES;
				GCC_WARN_ABOUT_RETURN_TYPE = YES_ERROR;
				GCC_WARN_UNDECLARED_SELECTOR = YES;
				GCC_WARN_UNINITIALIZED_AUTOS = YES_AGGRESSIVE;
				GCC_WARN_UNUSED_FUNCTION = YES;
				GCC_WARN_UNUSED_VARIABLE = YES;
				IPHONEOS_DEPLOYMENT_TARGET = 13.4;
				MTL_ENABLE_DEBUG_INFO = INCLUDE_SOURCE;
				MTL_FAST_MATH = YES;
				ONLY_ACTIVE_ARCH = YES;
				SDKROOT = iphoneos;
				SWIFT_ACTIVE_COMPILATION_CONDITIONS = DEBUG;
				SWIFT_OPTIMIZATION_LEVEL = "-Onone";
			};
			name = Debug;
		};
		3D9CB2252475A92E00CEECF2 /* Release */ = {
			isa = XCBuildConfiguration;
			buildSettings = {
				ALWAYS_SEARCH_USER_PATHS = NO;
				CLANG_ANALYZER_NONNULL = YES;
				CLANG_ANALYZER_NUMBER_OBJECT_CONVERSION = YES_AGGRESSIVE;
				CLANG_CXX_LANGUAGE_STANDARD = "gnu++14";
				CLANG_CXX_LIBRARY = "libc++";
				CLANG_ENABLE_MODULES = YES;
				CLANG_ENABLE_OBJC_ARC = YES;
				CLANG_ENABLE_OBJC_WEAK = YES;
				CLANG_WARN_BLOCK_CAPTURE_AUTORELEASING = YES;
				CLANG_WARN_BOOL_CONVERSION = YES;
				CLANG_WARN_COMMA = YES;
				CLANG_WARN_CONSTANT_CONVERSION = YES;
				CLANG_WARN_DEPRECATED_OBJC_IMPLEMENTATIONS = YES;
				CLANG_WARN_DIRECT_OBJC_ISA_USAGE = YES_ERROR;
				CLANG_WARN_DOCUMENTATION_COMMENTS = YES;
				CLANG_WARN_EMPTY_BODY = YES;
				CLANG_WARN_ENUM_CONVERSION = YES;
				CLANG_WARN_INFINITE_RECURSION = YES;
				CLANG_WARN_INT_CONVERSION = YES;
				CLANG_WARN_NON_LITERAL_NULL_CONVERSION = YES;
				CLANG_WARN_OBJC_IMPLICIT_RETAIN_SELF = YES;
				CLANG_WARN_OBJC_LITERAL_CONVERSION = YES;
				CLANG_WARN_OBJC_ROOT_CLASS = YES_ERROR;
				CLANG_WARN_RANGE_LOOP_ANALYSIS = YES;
				CLANG_WARN_STRICT_PROTOTYPES = YES;
				CLANG_WARN_SUSPICIOUS_MOVE = YES;
				CLANG_WARN_UNGUARDED_AVAILABILITY = YES_AGGRESSIVE;
				CLANG_WARN_UNREACHABLE_CODE = YES;
				CLANG_WARN__DUPLICATE_METHOD_MATCH = YES;
				COPY_PHASE_STRIP = NO;
				DEBUG_INFORMATION_FORMAT = "dwarf-with-dsym";
				ENABLE_NS_ASSERTIONS = NO;
				ENABLE_STRICT_OBJC_MSGSEND = YES;
				GCC_C_LANGUAGE_STANDARD = gnu11;
				GCC_NO_COMMON_BLOCKS = YES;
				GCC_WARN_64_TO_32_BIT_CONVERSION = YES;
				GCC_WARN_ABOUT_RETURN_TYPE = YES_ERROR;
				GCC_WARN_UNDECLARED_SELECTOR = YES;
				GCC_WARN_UNINITIALIZED_AUTOS = YES_AGGRESSIVE;
				GCC_WARN_UNUSED_FUNCTION = YES;
				GCC_WARN_UNUSED_VARIABLE = YES;
				IPHONEOS_DEPLOYMENT_TARGET = 13.4;
				MTL_ENABLE_DEBUG_INFO = NO;
				MTL_FAST_MATH = YES;
				SDKROOT = iphoneos;
				SWIFT_COMPILATION_MODE = wholemodule;
				SWIFT_OPTIMIZATION_LEVEL = "-O";
				VALIDATE_PRODUCT = YES;
			};
			name = Release;
		};
		3D9CB2272475A92E00CEECF2 /* Debug */ = {
			isa = XCBuildConfiguration;
			buildSettings = {
				ASSETCATALOG_COMPILER_APPICON_NAME = AppIcon;
				CODE_SIGN_STYLE = Automatic;
				DEVELOPMENT_TEAM = 2NAJ323R5S;
				INFOPLIST_FILE = NetworkManager/Info.plist;
				LD_RUNPATH_SEARCH_PATHS = (
					"$(inherited)",
					"@executable_path/Frameworks",
				);
				PRODUCT_BUNDLE_IDENTIFIER = com.shawnli.NetworkManager;
				PRODUCT_NAME = "$(TARGET_NAME)";
				SWIFT_VERSION = 5.0;
				TARGETED_DEVICE_FAMILY = "1,2";
			};
			name = Debug;
		};
		3D9CB2282475A92E00CEECF2 /* Release */ = {
			isa = XCBuildConfiguration;
			buildSettings = {
				ASSETCATALOG_COMPILER_APPICON_NAME = AppIcon;
				CODE_SIGN_STYLE = Automatic;
				DEVELOPMENT_TEAM = 2NAJ323R5S;
				INFOPLIST_FILE = NetworkManager/Info.plist;
				LD_RUNPATH_SEARCH_PATHS = (
					"$(inherited)",
					"@executable_path/Frameworks",
				);
				PRODUCT_BUNDLE_IDENTIFIER = com.shawnli.NetworkManager;
				PRODUCT_NAME = "$(TARGET_NAME)";
				SWIFT_VERSION = 5.0;
				TARGETED_DEVICE_FAMILY = "1,2";
			};
			name = Release;
		};
		3DA9B4CF24861E1C00F44454 /* Debug */ = {
			isa = XCBuildConfiguration;
			buildSettings = {
				BUNDLE_LOADER = "$(TEST_HOST)";
				CODE_SIGN_STYLE = Automatic;
				DEVELOPMENT_TEAM = 2NAJ323R5S;
				INFOPLIST_FILE = NetworkManagerTests/Info.plist;
				IPHONEOS_DEPLOYMENT_TARGET = 13.5;
				LD_RUNPATH_SEARCH_PATHS = (
					"$(inherited)",
					"@executable_path/Frameworks",
					"@loader_path/Frameworks",
				);
				PRODUCT_BUNDLE_IDENTIFIER = com.shawnli.NetworkManagerTests;
				PRODUCT_NAME = "$(TARGET_NAME)";
				SWIFT_VERSION = 5.0;
				TARGETED_DEVICE_FAMILY = "1,2";
				TEST_HOST = "$(BUILT_PRODUCTS_DIR)/NetworkManager.app/NetworkManager";
			};
			name = Debug;
		};
		3DA9B4D024861E1C00F44454 /* Release */ = {
			isa = XCBuildConfiguration;
			buildSettings = {
				BUNDLE_LOADER = "$(TEST_HOST)";
				CODE_SIGN_STYLE = Automatic;
				DEVELOPMENT_TEAM = 2NAJ323R5S;
				INFOPLIST_FILE = NetworkManagerTests/Info.plist;
				IPHONEOS_DEPLOYMENT_TARGET = 13.5;
				LD_RUNPATH_SEARCH_PATHS = (
					"$(inherited)",
					"@executable_path/Frameworks",
					"@loader_path/Frameworks",
				);
				PRODUCT_BUNDLE_IDENTIFIER = com.shawnli.NetworkManagerTests;
				PRODUCT_NAME = "$(TARGET_NAME)";
				SWIFT_VERSION = 5.0;
				TARGETED_DEVICE_FAMILY = "1,2";
				TEST_HOST = "$(BUILT_PRODUCTS_DIR)/NetworkManager.app/NetworkManager";
			};
			name = Release;
		};
/* End XCBuildConfiguration section */

/* Begin XCConfigurationList section */
		3D9CB20D2475A92D00CEECF2 /* Build configuration list for PBXProject "NetworkManager" */ = {
			isa = XCConfigurationList;
			buildConfigurations = (
				3D9CB2242475A92E00CEECF2 /* Debug */,
				3D9CB2252475A92E00CEECF2 /* Release */,
			);
			defaultConfigurationIsVisible = 0;
			defaultConfigurationName = Release;
		};
		3D9CB2262475A92E00CEECF2 /* Build configuration list for PBXNativeTarget "NetworkManager" */ = {
			isa = XCConfigurationList;
			buildConfigurations = (
				3D9CB2272475A92E00CEECF2 /* Debug */,
				3D9CB2282475A92E00CEECF2 /* Release */,
			);
			defaultConfigurationIsVisible = 0;
			defaultConfigurationName = Release;
		};
		3DA9B4D124861E1C00F44454 /* Build configuration list for PBXNativeTarget "NetworkManagerTests" */ = {
			isa = XCConfigurationList;
			buildConfigurations = (
				3DA9B4CF24861E1C00F44454 /* Debug */,
				3DA9B4D024861E1C00F44454 /* Release */,
			);
			defaultConfigurationIsVisible = 0;
			defaultConfigurationName = Release;
		};
/* End XCConfigurationList section */
	};
	rootObject = 3D9CB20A2475A92D00CEECF2 /* Project object */;
}
